
Microsoft Visual Studio Solution File, Format Version 12.00
# Visual Studio Version 16
VisualStudioVersion = 16.0.30309.148
MinimumVisualStudioVersion = 10.0.40219.1
Project("{FAE04EC0-301F-11D3-BF4B-00C04F79EFBC}") = "MyntraAutomation", "MyntraAutomation\MyntraAutomation.csproj", "{6DE8EB7D-AFE4-4220-B1F8-BA13807DFCEF}"
EndProject
Global
	GlobalSection(SolutionConfigurationPlatforms) = preSolution
		Debug|Any CPU = Debug|Any CPU
		Release|Any CPU = Release|Any CPU
	EndGlobalSection
	GlobalSection(ProjectConfigurationPlatforms) = postSolution
		{6DE8EB7D-AFE4-4220-B1F8-BA13807DFCEF}.Debug|Any CPU.ActiveCfg = Debug|Any CPU
		{6DE8EB7D-AFE4-4220-B1F8-BA13807DFCEF}.Debug|Any CPU.Build.0 = Debug|Any CPU
		{6DE8EB7D-AFE4-4220-B1F8-BA13807DFCEF}.Release|Any CPU.ActiveCfg = Release|Any CPU
		{6DE8EB7D-AFE4-4220-B1F8-BA13807DFCEF}.Release|Any CPU.Build.0 = Release|Any CPU
	EndGlobalSection
	GlobalSection(SolutionProperties) = preSolution
		HideSolutionNode = FALSE
	EndGlobalSection
	GlobalSection(ExtensibilityGlobals) = postSolution
		SolutionGuid = {F452BDDC-E945-4DB7-8E2C-3BF8CB8BE6ED}
	EndGlobalSection
EndGlobal
